
Microsoft Visual Studio Solution File, Format Version 12.00
# Visual Studio Version 17
VisualStudioVersion = 17.8.34330.188
MinimumVisualStudioVersion = 10.0.40219.1
Project("{9A19103F-16F7-4668-BE54-9A1E7A4F7556}") = "EstudianteCRUD", "EstudianteCRUD.csproj", "{70ED5172-C72E-497E-801F-C0688A46DDA7}"
EndProject
Global
	GlobalSection(SolutionConfigurationPlatforms) = preSolution
		Debug|Any CPU = Debug|Any CPU
		Release|Any CPU = Release|Any CPU
	EndGlobalSection
	GlobalSection(ProjectConfigurationPlatforms) = postSolution
		{70ED5172-C72E-497E-801F-C0688A46DDA7}.Debug|Any CPU.ActiveCfg = Debug|Any CPU
		{70ED5172-C72E-497E-801F-C0688A46DDA7}.Debug|Any CPU.Build.0 = Debug|Any CPU
		{70ED5172-C72E-497E-801F-C0688A46DDA7}.Release|Any CPU.ActiveCfg = Release|Any CPU
		{70ED5172-C72E-497E-801F-C0688A46DDA7}.Release|Any CPU.Build.0 = Release|Any CPU
	EndGlobalSection
	GlobalSection(SolutionProperties) = preSolution
		HideSolutionNode = FALSE
	EndGlobalSection
	GlobalSection(ExtensibilityGlobals) = postSolution
		SolutionGuid = {1D89AE4D-EF25-4393-A04A-5166763F57F7}
	EndGlobalSection
EndGlobal
